
Microsoft Visual Studio Solution File, Format Version 12.00
# Visual Studio Version 17
VisualStudioVersion = 17.6.33723.286
MinimumVisualStudioVersion = 10.0.40219.1
Project("{FAE04EC0-301F-11D3-BF4B-00C04F79EFBC}") = "BlazingPizza", "BlazingPizza\BlazingPizza.csproj", "{7699F728-BAD4-4C75-9986-3DA4C5FF15E2}"
EndProject
Global
	GlobalSection(SolutionConfigurationPlatforms) = preSolution
		Debug|Any CPU = Debug|Any CPU
		Release|Any CPU = Release|Any CPU
	EndGlobalSection
	GlobalSection(ProjectConfigurationPlatforms) = postSolution
		{7699F728-BAD4-4C75-9986-3DA4C5FF15E2}.Debug|Any CPU.ActiveCfg = Debug|Any CPU
		{7699F728-BAD4-4C75-9986-3DA4C5FF15E2}.Debug|Any CPU.Build.0 = Debug|Any CPU
		{7699F728-BAD4-4C75-9986-3DA4C5FF15E2}.Release|Any CPU.ActiveCfg = Release|Any CPU
		{7699F728-BAD4-4C75-9986-3DA4C5FF15E2}.Release|Any CPU.Build.0 = Release|Any CPU
	EndGlobalSection
	GlobalSection(SolutionProperties) = preSolution
		HideSolutionNode = FALSE
	EndGlobalSection
	GlobalSection(ExtensibilityGlobals) = postSolution
		SolutionGuid = {7E2DBAB2-4F7D-4C20-ACA5-FB6E0573F164}
	EndGlobalSection
EndGlobal
